
Microsoft Visual Studio Solution File, Format Version 12.00
# Visual Studio Version 17
VisualStudioVersion = 17.4.33403.182
MinimumVisualStudioVersion = 10.0.40219.1
Project("{FAE04EC0-301F-11D3-BF4B-00C04F79EFBC}") = "BicepPipelineExample", "BicepPipelineExample\BicepPipelineExample.csproj", "{1DD87C10-E46C-4048-930E-A4A1CE7565A5}"
EndProject
Global
	GlobalSection(SolutionConfigurationPlatforms) = preSolution
		Debug|Any CPU = Debug|Any CPU
		Release|Any CPU = Release|Any CPU
	EndGlobalSection
	GlobalSection(ProjectConfigurationPlatforms) = postSolution
		{1DD87C10-E46C-4048-930E-A4A1CE7565A5}.Debug|Any CPU.ActiveCfg = Debug|Any CPU
		{1DD87C10-E46C-4048-930E-A4A1CE7565A5}.Debug|Any CPU.Build.0 = Debug|Any CPU
		{1DD87C10-E46C-4048-930E-A4A1CE7565A5}.Release|Any CPU.ActiveCfg = Release|Any CPU
		{1DD87C10-E46C-4048-930E-A4A1CE7565A5}.Release|Any CPU.Build.0 = Release|Any CPU
	EndGlobalSection
	GlobalSection(SolutionProperties) = preSolution
		HideSolutionNode = FALSE
	EndGlobalSection
	GlobalSection(ExtensibilityGlobals) = postSolution
		SolutionGuid = {9766E1A8-3CC1-4CB3-B9D0-45A7EE5BCAED}
	EndGlobalSection
EndGlobal
